PODS:
  - Alamofire (5.8.0)
  - ReachabilitySwift (5.0.0)
  - SDWebImage (5.18.0):
    - SDWebImage/Core (= 5.18.0)
  - SDWebImage/Core (5.18.0)

DEPENDENCIES:
  - Alamofire
  - ReachabilitySwift
  - SDWebImage

SPEC REPOS:
  trunk:
    - Alamofire
    - ReachabilitySwift
    - SDWebImage

SPEC CHECKSUMS:
  Alamofire: 0e92e751b3e9e66d7982db43919d01f313b8eb91
  ReachabilitySwift: 985039c6f7b23a1da463388634119492ff86c825
  SDWebImage: 182830bcddc30cde95fbc60dfe4badc3553d94ba

PODFILE CHECKSUM: 7d96c2a73905420dfaafd03397d114147feb5ce1

COCOAPODS: 1.11.3
